<?xml version="1.0" encoding="utf-8"?>
<Project ToolsVersion="4.0" xmlns="http://schemas.microsoft.com/developer/msbuild/2003">
  <ItemGroup>
    <Filter Include="Source Files">
      <UniqueIdentifier>{4FC737F1-C7A5-4376-A066-2A32D752A2FF}</UniqueIdentifier>
      <Extensions>cpp;c;cc;cxx;c++;cppm;ixx;def;odl;idl;hpj;bat;asm;asmx</Extensions>
    </Filter>
    <Filter Include="Header Files">
      <UniqueIdentifier>{93995380-89BD-4b04-88EB-625FBE52EBFB}</UniqueIdentifier>
      <Extensions>h;hh;hpp;hxx;h++;hm;inl;inc;ipp;xsd</Extensions>
    </Filter>
    <Filter Include="Resource Files">
      <UniqueIdentifier>{67DA6AB6-F800-4c08-8B7A-83BB121AAD01}</UniqueIdentifier>
      <Extensions>rc;ico;cur;bmp;dlg;rc2;rct;bin;rgs;gif;jpg;jpeg;jpe;resx;tiff;tif;png;wav;mfcribbon-ms</Extensions>
    </Filter>
    <Filter Include="Source Files\Grafika">
      <UniqueIdentifier>{a03d34b3-0061-4e04-b132-32b2f2a30dc9}</UniqueIdentifier>
    </Filter>
    <Filter Include="Source Files\Fizika">
      <UniqueIdentifier>{153ecf0a-6e4f-480b-9955-537c1ffb2edf}</UniqueIdentifier>
    </Filter>
    <Filter Include="Header Files\Grafika">
      <UniqueIdentifier>{83d65738-c575-4ab3-8643-d9aec0711061}</UniqueIdentifier>
    </Filter>
    <Filter Include="Header Files\Fizika">
      <UniqueIdentifier>{0477c7b9-0fa5-4602-ad0e-6d9c4265909a}</UniqueIdentifier>
    </Filter>
    <Filter Include="Header Files\Felépítés">
      <UniqueIdentifier>{d40c7579-7dce-49f8-996e-ff1c35cbc982}</UniqueIdentifier>
    </Filter>
    <Filter Include="Source Files\Felépítés">
      <UniqueIdentifier>{95dae372-d887-4176-8329-633bf598fef8}</UniqueIdentifier>
    </Filter>
    <Filter Include="Source Files\Felépítés\Menü">
      <UniqueIdentifier>{d2a172e3-e9dd-4506-949e-05e0b6a8dd92}</UniqueIdentifier>
    </Filter>
    <Filter Include="Source Files\Felépítés\Univerzum">
      <UniqueIdentifier>{a06eb6de-2bfa-488f-8488-8f74af5d0af0}</UniqueIdentifier>
    </Filter>
    <Filter Include="Source Files\Felépítés\Univerzum\Égitestek">
      <UniqueIdentifier>{b4219d94-327a-40e0-9572-6e12daeef860}</UniqueIdentifier>
    </Filter>
    <Filter Include="Source Files\Felépítés\Épitőelemek">
      <UniqueIdentifier>{afc74483-6242-42f4-92e2-877ebdf75694}</UniqueIdentifier>
    </Filter>
    <Filter Include="Header Files\Felépítés\Menü">
      <UniqueIdentifier>{7a25dc5d-a285-4828-909a-5fc976b24c3e}</UniqueIdentifier>
    </Filter>
    <Filter Include="Header Files\Felépítés\Épitőelemek">
      <UniqueIdentifier>{bd5eee43-e2bf-4d66-83f7-1ea688ef2278}</UniqueIdentifier>
    </Filter>
    <Filter Include="Header Files\Felépítés\Univerzum">
      <UniqueIdentifier>{b346e9a1-d4b5-475c-84a5-187949808af8}</UniqueIdentifier>
    </Filter>
    <Filter Include="Header Files\Felépítés\Univerzum\Épített objektumok">
      <UniqueIdentifier>{3b3b791c-8a64-4532-acc6-cf6ecf1dced8}</UniqueIdentifier>
    </Filter>
    <Filter Include="Header Files\Felépítés\Univerzum\Égitestek">
      <UniqueIdentifier>{156f0ca9-f15f-4b12-98a1-8493f84eb9e8}</UniqueIdentifier>
    </Filter>
    <Filter Include="Source Files\Felépítés\Univerzum\Épített objektumok">
      <UniqueIdentifier>{8c0d9f54-0360-4264-a703-59bca3951189}</UniqueIdentifier>
    </Filter>
    <Filter Include="Header Files\Z_Fügetlenek">
      <UniqueIdentifier>{ca62bc61-ef59-4e0a-be59-7dd82ded7b31}</UniqueIdentifier>
    </Filter>
  </ItemGroup>
  <ItemGroup>
    <ClCompile Include="main.cpp">
      <Filter>Source Files</Filter>
    </ClCompile>
    <ClCompile Include="MyObj.cpp">
      <Filter>Source Files\Felépítés</Filter>
    </ClCompile>
    <ClCompile Include="FizEngine.cpp">
      <Filter>Source Files\Fizika</Filter>
    </ClCompile>
    <ClCompile Include="GrafikEngine.cpp">
      <Filter>Source Files\Grafika</Filter>
    </ClCompile>
  </ItemGroup>
  <ItemGroup>
    <ClInclude Include="MyObj.h">
      <Filter>Header Files\Felépítés</Filter>
    </ClInclude>
    <ClInclude Include="FizEngine.h">
      <Filter>Header Files\Fizika</Filter>
    </ClInclude>
    <ClInclude Include="GrafikEngine.h">
      <Filter>Header Files\Grafika</Filter>
    </ClInclude>
    <ClInclude Include="DefaultAdatok.h">
      <Filter>Header Files\Z_Fügetlenek</Filter>
    </ClInclude>
    <ClInclude Include="Muveletek.h">
      <Filter>Header Files\Z_Fügetlenek</Filter>
    </ClInclude>
    <ClInclude Include="Enumok.h">
      <Filter>Header Files\Z_Fügetlenek</Filter>
    </ClInclude>
  </ItemGroup>
</Project>